
Microsoft Visual Studio Solution File, Format Version 12.00
# Visual Studio Version 16
VisualStudioVersion = 16.0.29025.244
MinimumVisualStudioVersion = 10.0.40219.1
Project("{888888A0-9F3D-457C-B088-3A5042F75D52}") = "Wind_KeChuangBan", "Wind_KeChuangBan.pyproj", "{C9CD5D5A-E07B-4102-93BB-0AC5EEDC24A1}"
EndProject
Global
	GlobalSection(SolutionConfigurationPlatforms) = preSolution
		Debug|Any CPU = Debug|Any CPU
		Release|Any CPU = Release|Any CPU
	EndGlobalSection
	GlobalSection(ProjectConfigurationPlatforms) = postSolution
		{C9CD5D5A-E07B-4102-93BB-0AC5EEDC24A1}.Debug|Any CPU.ActiveCfg = Debug|Any CPU
		{C9CD5D5A-E07B-4102-93BB-0AC5EEDC24A1}.Release|Any CPU.ActiveCfg = Release|Any CPU
	EndGlobalSection
	GlobalSection(SolutionProperties) = preSolution
		HideSolutionNode = FALSE
	EndGlobalSection
	GlobalSection(ExtensibilityGlobals) = postSolution
		SolutionGuid = {3F7C2379-B48F-4457-B2A4-B9BA2B232A06}
	EndGlobalSection
EndGlobal
